
Microsoft Visual Studio Solution File, Format Version 12.00
# Visual Studio Version 17
VisualStudioVersion = 17.12.35728.132
MinimumVisualStudioVersion = 10.0.40219.1
Project("{FAE04EC0-301F-11D3-BF4B-00C04F79EFBC}") = "BlazorComponents", "source-blazor-components\BlazorComponents.csproj", "{A3B57F27-A93E-4AA0-BA46-42EF63B9B5B8}"
EndProject
Project("{FAE04EC0-301F-11D3-BF4B-00C04F79EFBC}") = "BlazorServer", "source-blazor-server\BlazorServer.csproj", "{42D3D759-AC29-4A1B-A879-A6882DBCE220}"
EndProject
Project("{FAE04EC0-301F-11D3-BF4B-00C04F79EFBC}") = "BlazorWasm", "source-blazor-wasm\BlazorWasm.csproj", "{90DDCB61-13C9-4560-A6EA-5A0FD11BA059}"
EndProject
Project("{54A90642-561A-4BB1-A94E-469ADEE60C69}") = "BlazorComponentsJS", "source-blazor-components-js\BlazorComponentsJS.esproj", "{FAD6D685-1ED2-426A-ADCE-1A78935B2A4B}"
EndProject
Global
	GlobalSection(SolutionConfigurationPlatforms) = preSolution
		Debug|Any CPU = Debug|Any CPU
		Release|Any CPU = Release|Any CPU
	EndGlobalSection
	GlobalSection(ProjectConfigurationPlatforms) = postSolution
		{A3B57F27-A93E-4AA0-BA46-42EF63B9B5B8}.Debug|Any CPU.ActiveCfg = Debug|Any CPU
		{A3B57F27-A93E-4AA0-BA46-42EF63B9B5B8}.Debug|Any CPU.Build.0 = Debug|Any CPU
		{A3B57F27-A93E-4AA0-BA46-42EF63B9B5B8}.Release|Any CPU.ActiveCfg = Release|Any CPU
		{A3B57F27-A93E-4AA0-BA46-42EF63B9B5B8}.Release|Any CPU.Build.0 = Release|Any CPU
		{42D3D759-AC29-4A1B-A879-A6882DBCE220}.Debug|Any CPU.ActiveCfg = Debug|Any CPU
		{42D3D759-AC29-4A1B-A879-A6882DBCE220}.Debug|Any CPU.Build.0 = Debug|Any CPU
		{42D3D759-AC29-4A1B-A879-A6882DBCE220}.Release|Any CPU.ActiveCfg = Release|Any CPU
		{42D3D759-AC29-4A1B-A879-A6882DBCE220}.Release|Any CPU.Build.0 = Release|Any CPU
		{90DDCB61-13C9-4560-A6EA-5A0FD11BA059}.Debug|Any CPU.ActiveCfg = Debug|Any CPU
		{90DDCB61-13C9-4560-A6EA-5A0FD11BA059}.Debug|Any CPU.Build.0 = Debug|Any CPU
		{90DDCB61-13C9-4560-A6EA-5A0FD11BA059}.Release|Any CPU.ActiveCfg = Release|Any CPU
		{90DDCB61-13C9-4560-A6EA-5A0FD11BA059}.Release|Any CPU.Build.0 = Release|Any CPU
		{FAD6D685-1ED2-426A-ADCE-1A78935B2A4B}.Debug|Any CPU.ActiveCfg = Debug|Any CPU
		{FAD6D685-1ED2-426A-ADCE-1A78935B2A4B}.Debug|Any CPU.Build.0 = Debug|Any CPU
		{FAD6D685-1ED2-426A-ADCE-1A78935B2A4B}.Debug|Any CPU.Deploy.0 = Debug|Any CPU
		{FAD6D685-1ED2-426A-ADCE-1A78935B2A4B}.Release|Any CPU.ActiveCfg = Release|Any CPU
		{FAD6D685-1ED2-426A-ADCE-1A78935B2A4B}.Release|Any CPU.Build.0 = Release|Any CPU
		{FAD6D685-1ED2-426A-ADCE-1A78935B2A4B}.Release|Any CPU.Deploy.0 = Release|Any CPU
	EndGlobalSection
	GlobalSection(SolutionProperties) = preSolution
		HideSolutionNode = FALSE
	EndGlobalSection
EndGlobal
